
Microsoft Visual Studio Solution File, Format Version 11.00
# Visual Studio 2010
Project("{FAE04EC0-301F-11D3-BF4B-00C04F79EFBC}") = "TestCaseThreading", "TestCaseThreading\TestCaseThreading.csproj", "{9E725134-A668-4D4D-A9F2-FD07F58FAFE3}"
EndProject
Global
	GlobalSection(SolutionConfigurationPlatforms) = preSolution
		Debug|x86 = Debug|x86
		Release|x86 = Release|x86
	EndGlobalSection
	GlobalSection(ProjectConfigurationPlatforms) = postSolution
		{9E725134-A668-4D4D-A9F2-FD07F58FAFE3}.Debug|x86.ActiveCfg = Debug|x86
		{9E725134-A668-4D4D-A9F2-FD07F58FAFE3}.Debug|x86.Build.0 = Debug|x86
		{9E725134-A668-4D4D-A9F2-FD07F58FAFE3}.Release|x86.ActiveCfg = Release|x86
		{9E725134-A668-4D4D-A9F2-FD07F58FAFE3}.Release|x86.Build.0 = Release|x86
	EndGlobalSection
	GlobalSection(SolutionProperties) = preSolution
		HideSolutionNode = FALSE
	EndGlobalSection
EndGlobal
